# THIS IS AN AUTOGENERATED FILE. DO NOT EDIT THIS FILE DIRECTLY.
# yarn lockfile v1


"@types/node@^16.10.3":
  version "16.11.26"
  resolved "https://registry.yarnpkg.com/@types/node/-/node-16.11.26.tgz#63d204d136c9916fb4dcd1b50f9740fe86884e47"
  integrity sha512-GZ7bu5A6+4DtG7q9GsoHXy3ALcgeIHP4NnL0Vv2wu0uUB/yQex26v0tf6/na1mm0+bS9Uw+0DFex7aaKr2qawQ==

case-editor-tools@^1.0.7:
  version "1.0.7"
  resolved "https://registry.yarnpkg.com/case-editor-tools/-/case-editor-tools-1.0.7.tgz#d1deb0f13e38228dcadd9c5f6b081cd1129a699d"
  integrity sha512-R7sG6+/eYu/+Xt7Au35h1EVQFM2J41Z9WeivJ+7aIv5j274o//LniKoGsjCz4buREWTaDm7Luyz5Rq72rpB+sw==
  dependencies:
    survey-engine "^1.1.3"

moment@2.24.0:
  version "2.24.0"
  resolved "https://registry.yarnpkg.com/moment/-/moment-2.24.0.tgz#0d055d53f5052aa653c9f6eb68bb5d12bf5c2b5b"
  integrity sha512-bV7f+6l2QigeBBZSM/6yTNq4P2fNpSWj/0e7jQcy87A8e7o2nAfP/34/2ky5Vw4B9S446EtIhodAzkFCcR4dQg==

survey-engine@^1.1.3:
  version "1.1.4"
  resolved "https://registry.yarnpkg.com/survey-engine/-/survey-engine-1.1.4.tgz#f5194140eb589326d03cdd856b114b67d1f290f2"
  integrity sha512-yJNluQ4Rlz5BazeonOzjTY1lpR6SKmP8kw/R5sc89h38JazkdBWdkRvrOpBjp5O+ut+WuBSs5300uhvizUdkyw==
  dependencies:
    moment "2.24.0"

typescript@^4.4.3:
  version "4.6.3"
  resolved "https://registry.yarnpkg.com/typescript/-/typescript-4.6.3.tgz#eefeafa6afdd31d725584c67a0eaba80f6fc6c6c"
  integrity sha512-yNIatDa5iaofVozS/uQJEl3JRWLKKGJKh6Yaiv0GLGSuhpFJe7P3SbHZ8/yjAHRQwKRoA6YZqlfjXWmVzoVSMw==
